
Microsoft Visual Studio Solution File, Format Version 12.00
# Visual Studio Version 17
VisualStudioVersion = 17.8.34525.116
MinimumVisualStudioVersion = 10.0.40219.1
Project("{9A19103F-16F7-4668-BE54-9A1E7A4F7556}") = "Workaround", "Workaround\Workaround.csproj", "{1E732CEF-954B-4CBA-8ED1-23079A21C4F1}"
EndProject
Project("{FAE04EC0-301F-11D3-BF4B-00C04F79EFBC}") = "Entities", "Entities\Entities.csproj", "{A124F0E1-A48A-4A72-859C-546B50501060}"
EndProject
Project("{FAE04EC0-301F-11D3-BF4B-00C04F79EFBC}") = "Business", "Business\Business.csproj", "{EE99272D-85CD-434D-B187-04E3958457B4}"
EndProject
Global
	GlobalSection(SolutionConfigurationPlatforms) = preSolution
		Debug|Any CPU = Debug|Any CPU
		Release|Any CPU = Release|Any CPU
	EndGlobalSection
	GlobalSection(ProjectConfigurationPlatforms) = postSolution
		{1E732CEF-954B-4CBA-8ED1-23079A21C4F1}.Debug|Any CPU.ActiveCfg = Debug|Any CPU
		{1E732CEF-954B-4CBA-8ED1-23079A21C4F1}.Debug|Any CPU.Build.0 = Debug|Any CPU
		{1E732CEF-954B-4CBA-8ED1-23079A21C4F1}.Release|Any CPU.ActiveCfg = Release|Any CPU
		{1E732CEF-954B-4CBA-8ED1-23079A21C4F1}.Release|Any CPU.Build.0 = Release|Any CPU
		{A124F0E1-A48A-4A72-859C-546B50501060}.Debug|Any CPU.ActiveCfg = Debug|Any CPU
		{A124F0E1-A48A-4A72-859C-546B50501060}.Debug|Any CPU.Build.0 = Debug|Any CPU
		{A124F0E1-A48A-4A72-859C-546B50501060}.Release|Any CPU.ActiveCfg = Release|Any CPU
		{A124F0E1-A48A-4A72-859C-546B50501060}.Release|Any CPU.Build.0 = Release|Any CPU
		{EE99272D-85CD-434D-B187-04E3958457B4}.Debug|Any CPU.ActiveCfg = Debug|Any CPU
		{EE99272D-85CD-434D-B187-04E3958457B4}.Debug|Any CPU.Build.0 = Debug|Any CPU
		{EE99272D-85CD-434D-B187-04E3958457B4}.Release|Any CPU.ActiveCfg = Release|Any CPU
		{EE99272D-85CD-434D-B187-04E3958457B4}.Release|Any CPU.Build.0 = Release|Any CPU
	EndGlobalSection
	GlobalSection(SolutionProperties) = preSolution
		HideSolutionNode = FALSE
	EndGlobalSection
	GlobalSection(ExtensibilityGlobals) = postSolution
		SolutionGuid = {D9D508D6-4CDB-4E9C-AD32-3254A035D62F}
	EndGlobalSection
EndGlobal
